{
  "nodes": {
    "brew-src": {
      "flake": false,
      "locked": {
        "lastModified": 1763638478,
        "narHash": "sha256-n/IMowE9S23ovmTkKX7KhxXC2Yq41EAVFR2FBIXPcT8=",
        "owner": "Homebrew",
        "repo": "brew",
        "rev": "fbfdbaba008189499958a7aeb1e2c36ab10c067d",
        "type": "github"
      },
      "original": {
        "owner": "Homebrew",
        "ref": "5.0.3",
        "repo": "brew",
        "type": "github"
      }
    },
    "darwin": {
      "inputs": {
        "nixpkgs": [
          "nixpkgs-darwin"
        ]
      },
      "locked": {
        "lastModified": 1764161084,
        "narHash": "sha256-HN84sByg9FhJnojkGGDSrcjcbeioFWoNXfuyYfJ1kBE=",
        "owner": "lnl7",
        "repo": "nix-darwin",
        "rev": "e95de00a471d07435e0527ff4db092c84998698e",
        "type": "github"
      },
      "original": {
        "owner": "lnl7",
        "repo": "nix-darwin",
        "type": "github"
      }
    },
    "darwin-custom-icons": {
      "locked": {
        "lastModified": 1719071371,
        "narHash": "sha256-SPazmoL3Pls4QTiZ2CRtavecNJgzpL4GeiwafTmtdJ8=",
        "owner": "ryanccn",
        "repo": "nix-darwin-custom-icons",
        "rev": "ad3e8cf49ef0b276ccf67410f544ff33d965d821",
        "type": "github"
      },
      "original": {
        "owner": "ryanccn",
        "repo": "nix-darwin-custom-icons",
        "type": "github"
      }
    },
    "home-manager": {
      "inputs": {
        "nixpkgs": [
          "nixpkgs-darwin"
        ]
      },
      "locked": {
        "lastModified": 1764544324,
        "narHash": "sha256-GVBGjO7UsmzLrlOJV8NlKSxukHaHencrJqWkCA6FkqI=",
        "owner": "nix-community",
        "repo": "home-manager",
        "rev": "e4e25a8c310fa45f2a8339c7972dc43d2845a612",
        "type": "github"
      },
      "original": {
        "owner": "nix-community",
        "repo": "home-manager",
        "type": "github"
      }
    },
    "homebrew-bun": {
      "flake": false,
      "locked": {
        "lastModified": 1763753630,
        "narHash": "sha256-own4PywbOVZqHn8FWMr5+bV2O084C2mZu8n/QdcOemg=",
        "owner": "oven-sh",
        "repo": "homebrew-bun",
        "rev": "802f192949f02a42fe5611b084e33872408d596b",
        "type": "github"
      },
      "original": {
        "owner": "oven-sh",
        "repo": "homebrew-bun",
        "type": "github"
      }
    },
    "homebrew-bundle": {
      "flake": false,
      "locked": {
        "lastModified": 1745335228,
        "narHash": "sha256-TIKR2UgtyUmHLNZp255/vLs+1I10hXe+sciMEbAGFwE=",
        "owner": "homebrew",
        "repo": "homebrew-bundle",
        "rev": "a3265c84b232e13048ecbf6fc18a2eedfadbeb08",
        "type": "github"
      },
      "original": {
        "owner": "homebrew",
        "repo": "homebrew-bundle",
        "type": "github"
      }
    },
    "homebrew-cask": {
      "flake": false,
      "locked": {
        "lastModified": 1764545050,
        "narHash": "sha256-wZlUQExsOUux+/WP5M4afd7wQpLMHh+rMsujJw/0z70=",
        "owner": "homebrew",
        "repo": "homebrew-cask",
        "rev": "4e2c0d13f695a41fd04411f3856163f1ba03236d",
        "type": "github"
      },
      "original": {
        "owner": "homebrew",
        "repo": "homebrew-cask",
        "type": "github"
      }
    },
    "homebrew-core": {
      "flake": false,
      "locked": {
        "lastModified": 1764548269,
        "narHash": "sha256-zHq3vqqwvGYi/2IKIzeXCVcZ0ye/KE0eqWr8rBMTYTg=",
        "owner": "homebrew",
        "repo": "homebrew-core",
        "rev": "0426a21374eeaca2b97899ea3b1d7b309a2a77db",
        "type": "github"
      },
      "original": {
        "owner": "homebrew",
        "repo": "homebrew-core",
        "type": "github"
      }
    },
    "homebrew-services": {
      "flake": false,
      "locked": {
        "lastModified": 1742475690,
        "narHash": "sha256-qg3/+iHtnFe6VxGapisTatGnoH0XG4BnWWqwwzWYzk0=",
        "owner": "homebrew",
        "repo": "homebrew-services",
        "rev": "2c294ab9515576d961cea28c93148c6452db2def",
        "type": "github"
      },
      "original": {
        "owner": "homebrew",
        "repo": "homebrew-services",
        "type": "github"
      }
    },
    "nix-homebrew": {
      "inputs": {
        "brew-src": "brew-src"
      },
      "locked": {
        "lastModified": 1764473698,
        "narHash": "sha256-C91gPgv6udN5WuIZWNehp8qdLqlrzX6iF/YyboOj6XI=",
        "owner": "zhaofengli-wip",
        "repo": "nix-homebrew",
        "rev": "6a8ab60bfd66154feeaa1021fc3b32684814a62a",
        "type": "github"
      },
      "original": {
        "owner": "zhaofengli-wip",
        "repo": "nix-homebrew",
        "type": "github"
      }
    },
    "nix-vscode-extensions": {
      "inputs": {
        "nixpkgs": [
          "nixpkgs"
        ]
      },
      "locked": {
        "lastModified": 1764468530,
        "narHash": "sha256-ZdR7SQQujR2RBO7/RDX3YxSzACp2GtNLkGIan00uGJM=",
        "owner": "nix-community",
        "repo": "nix-vscode-extensions",
        "rev": "be03779934f17ae394f526dd2d7acda2b7bee7d1",
        "type": "github"
      },
      "original": {
        "owner": "nix-community",
        "repo": "nix-vscode-extensions",
        "type": "github"
      }
    },
    "nixpkgs": {
      "locked": {
        "lastModified": 1764527385,
        "narHash": "sha256-nA5ywiGKl76atrbdZ5Aucd8SjF/v8ew9b9QsC+MKL14=",
        "owner": "NixOS",
        "repo": "nixpkgs",
        "rev": "23258e03aaa49b3a68597e3e50eb0cbce7e42e9d",
        "type": "github"
      },
      "original": {
        "id": "nixpkgs",
        "type": "indirect"
      }
    },
    "nixpkgs-darwin": {
      "locked": {
        "lastModified": 1764527385,
        "narHash": "sha256-nA5ywiGKl76atrbdZ5Aucd8SjF/v8ew9b9QsC+MKL14=",
        "owner": "nixos",
        "repo": "nixpkgs",
        "rev": "23258e03aaa49b3a68597e3e50eb0cbce7e42e9d",
        "type": "github"
      },
      "original": {
        "owner": "nixos",
        "ref": "nixpkgs-unstable",
        "repo": "nixpkgs",
        "type": "github"
      }
    },
    "root": {
      "inputs": {
        "darwin": "darwin",
        "darwin-custom-icons": "darwin-custom-icons",
        "home-manager": "home-manager",
        "homebrew-bun": "homebrew-bun",
        "homebrew-bundle": "homebrew-bundle",
        "homebrew-cask": "homebrew-cask",
        "homebrew-core": "homebrew-core",
        "homebrew-services": "homebrew-services",
        "nix-homebrew": "nix-homebrew",
        "nix-vscode-extensions": "nix-vscode-extensions",
        "nixpkgs": "nixpkgs",
        "nixpkgs-darwin": "nixpkgs-darwin"
      }
    }
  },
  "root": "root",
  "version": 7
}
